{
  "name": "@wearegood/good-utilities",
  "version": "1.0.0",
  "lockfileVersion": 1,
  "requires": true,
  "dependencies": {
    "debounce": {
      "version": "1.2.0",
      "resolved": "https://registry.npmjs.org/debounce/-/debounce-1.2.0.tgz",
      "integrity": "sha512-mYtLl1xfZLi1m4RtQYlZgJUNQjl4ZxVnHzIR8nLLgi4q1YT8o/WM+MK/f8yfcc9s5Ir5zRaPZyZU6xs1Syoocg=="
    },
    "delegate": {
      "version": "3.2.0",
      "resolved": "https://registry.npmjs.org/delegate/-/delegate-3.2.0.tgz",
      "integrity": "sha512-IofjkYBZaZivn0V8nnsMJGBr4jVLxHDheKSW88PyxS5QC4Vo9ZbZVvhzlSxY87fVq3STR6r+4cGepyHkcWOQSw=="
    },
    "pubsub-js": {
      "version": "1.7.0",
      "resolved": "https://registry.npmjs.org/pubsub-js/-/pubsub-js-1.7.0.tgz",
      "integrity": "sha512-Pb68P9qFZxnvDipHMuj9oT1FoIgBcXJ9C9eWdHCLZAnulaUoJ3+Y87RhGMYilWpun6DMWVmvK70T4RP4drZMSA=="
    }
  }
}
